// !$*UTF8*$!
{
	archiveVersion = 1;
	classes = {
	};
	objectVersion = 50;
	objects = {

/* Begin PBXBuildFile section */
		5563BB1723FF77B300A559B8 /* AppDelegate.swift in Sources */ = {isa = PBXBuildFile; fileRef = 5563BB1623FF77B300A559B8 /* AppDelegate.swift */; };
		5563BB1923FF77B300A559B8 /* SceneDelegate.swift in Sources */ = {isa = PBXBuildFile; fileRef = 5563BB1823FF77B300A559B8 /* SceneDelegate.swift */; };
		5563BB1B23FF77B300A559B8 /* ViewController.swift in Sources */ = {isa = PBXBuildFile; fileRef = 5563BB1A23FF77B300A559B8 /* ViewController.swift */; };
		5563BB1E23FF77B300A559B8 /* Main.storyboard in Resources */ = {isa = PBXBuildFile; fileRef = 5563BB1C23FF77B300A559B8 /* Main.storyboard */; };
		5563BB2023FF77B500A559B8 /* Assets.xcassets in Resources */ = {isa = PBXBuildFile; fileRef = 5563BB1F23FF77B500A559B8 /* Assets.xcassets */; };
		5563BB2323FF77B500A559B8 /* LaunchScreen.storyboard in Resources */ = {isa = PBXBuildFile; fileRef = 5563BB2123FF77B500A559B8 /* LaunchScreen.storyboard */; };
		5563BB2E23FF77B500A559B8 /* ParstagramTests.swift in Sources */ = {isa = PBXBuildFile; fileRef = 5563BB2D23FF77B500A559B8 /* ParstagramTests.swift */; };
		5563BB3923FF77B500A559B8 /* ParstagramUITests.swift in Sources */ = {isa = PBXBuildFile; fileRef = 5563BB3823FF77B500A559B8 /* ParstagramUITests.swift */; };
/* End PBXBuildFile section */

/* Begin PBXContainerItemProxy section */
		5563BB2A23FF77B500A559B8 /* PBXContainerItemProxy */ = {
			isa = PBXContainerItemProxy;
			containerPortal = 5563BB0B23FF77B300A559B8 /* Project object */;
			proxyType = 1;
			remoteGlobalIDString = 5563BB1223FF77B300A559B8;
			remoteInfo = Parstagram;
		};
		5563BB3523FF77B500A559B8 /* PBXContainerItemProxy */ = {
			isa = PBXContainerItemProxy;
			containerPortal = 5563BB0B23FF77B300A559B8 /* Project object */;
			proxyType = 1;
			remoteGlobalIDString = 5563BB1223FF77B300A559B8;
			remoteInfo = Parstagram;
		};
/* End PBXContainerItemProxy section */

/* Begin PBXFileReference section */
		5563BB1323FF77B300A559B8 /* Parstagram.app */ = {isa = PBXFileReference; explicitFileType = wrapper.application; includeInIndex = 0; path = Parstagram.app; sourceTree = BUILT_PRODUCTS_DIR; };
		5563BB1623FF77B300A559B8 /* AppDelegate.swift */ = {isa = PBXFileReference; lastKnownFileType = sourcecode.swift; path = AppDelegate.swift; sourceTree = "<group>"; };
		5563BB1823FF77B300A559B8 /* SceneDelegate.swift */ = {isa = PBXFileReference; lastKnownFileType = sourcecode.swift; path = SceneDelegate.swift; sourceTree = "<group>"; };
		5563BB1A23FF77B300A559B8 /* ViewController.swift */ = {isa = PBXFileReference; lastKnownFileType = sourcecode.swift; path = ViewController.swift; sourceTree = "<group>"; };
		5563BB1D23FF77B300A559B8 /* Base */ = {isa = PBXFileReference; lastKnownFileType = file.storyboard; name = Base; path = Base.lproj/Main.storyboard; sourceTree = "<group>"; };
		5563BB1F23FF77B500A559B8 /* Assets.xcassets */ = {isa = PBXFileReference; lastKnownFileType = folder.assetcatalog; path = Assets.xcassets; sourceTree = "<group>"; };
		5563BB2223FF77B500A559B8 /* Base */ = {isa = PBXFileReference; lastKnownFileType = file.storyboard; name = Base; path = Base.lproj/LaunchScreen.storyboard; sourceTree = "<group>"; };
		5563BB2423FF77B500A559B8 /* Info.plist */ = {isa = PBXFileReference; lastKnownFileType = text.plist.xml; path = Info.plist; sourceTree = "<group>"; };
		5563BB2923FF77B500A559B8 /* ParstagramTests.xctest */ = {isa = PBXFileReference; explicitFileType = wrapper.cfbundle; includeInIndex = 0; path = ParstagramTests.xctest; sourceTree = BUILT_PRODUCTS_DIR; };
		5563BB2D23FF77B500A559B8 /* ParstagramTests.swift */ = {isa = PBXFileReference; lastKnownFileType = sourcecode.swift; path = ParstagramTests.swift; sourceTree = "<group>"; };
		5563BB2F23FF77B500A559B8 /* Info.plist */ = {isa = PBXFileReference; lastKnownFileType = text.plist.xml; path = Info.plist; sourceTree = "<group>"; };
		5563BB3423FF77B500A559B8 /* ParstagramUITests.xctest */ = {isa = PBXFileReference; explicitFileType = wrapper.cfbundle; includeInIndex = 0; path = ParstagramUITests.xctest; sourceTree = BUILT_PRODUCTS_DIR; };
		5563BB3823FF77B500A559B8 /* ParstagramUITests.swift */ = {isa = PBXFileReference; lastKnownFileType = sourcecode.swift; path = ParstagramUITests.swift; sourceTree = "<group>"; };
		5563BB3A23FF77B500A559B8 /* Info.plist */ = {isa = PBXFileReference; lastKnownFileType = text.plist.xml; path = Info.plist; sourceTree = "<group>"; };
/* End PBXFileReference section */

/* Begin PBXFrameworksBuildPhase section */
		5563BB1023FF77B300A559B8 /* Frameworks */ = {
			isa = PBXFrameworksBuildPhase;
			buildActionMask = 2147483647;
			files = (
			);
			runOnlyForDeploymentPostprocessing = 0;
		};
		5563BB2623FF77B500A559B8 /* Frameworks */ = {
			isa = PBXFrameworksBuildPhase;
			buildActionMask = 2147483647;
			files = (
			);
			runOnlyForDeploymentPostprocessing = 0;
		};
		5563BB3123FF77B500A559B8 /* Frameworks */ = {
			isa = PBXFrameworksBuildPhase;
			buildActionMask = 2147483647;
			files = (
			);
			runOnlyForDeploymentPostprocessing = 0;
		};
/* End PBXFrameworksBuildPhase section */

/* Begin PBXGroup section */
		5563BB0A23FF77B300A559B8 = {
			isa = PBXGroup;
			children = (
				5563BB1523FF77B300A559B8 /* Parstagram */,
				5563BB2C23FF77B500A559B8 /* ParstagramTests */,
				5563BB3723FF77B500A559B8 /* ParstagramUITests */,
				5563BB1423FF77B300A559B8 /* Products */,
			);
			sourceTree = "<group>";
		};
		5563BB1423FF77B300A559B8 /* Products */ = {
			isa = PBXGroup;
			children = (
				5563BB1323FF77B300A559B8 /* Parstagram.app */,
				5563BB2923FF77B500A559B8 /* ParstagramTests.xctest */,
				5563BB3423FF77B500A559B8 /* ParstagramUITests.xctest */,
			);
			name = Products;
			sourceTree = "<group>";
		};
		5563BB1523FF77B300A559B8 /* Parstagram */ = {
			isa = PBXGroup;
			children = (
				5563BB1623FF77B300A559B8 /* AppDelegate.swift */,
				5563BB1823FF77B300A559B8 /* SceneDelegate.swift */,
				5563BB1A23FF77B300A559B8 /* ViewController.swift */,
				5563BB1C23FF77B300A559B8 /* Main.storyboard */,
				5563BB1F23FF77B500A559B8 /* Assets.xcassets */,
				5563BB2123FF77B500A559B8 /* LaunchScreen.storyboard */,
				5563BB2423FF77B500A559B8 /* Info.plist */,
			);
			path = Parstagram;
			sourceTree = "<group>";
		};
		5563BB2C23FF77B500A559B8 /* ParstagramTests */ = {
			isa = PBXGroup;
			children = (
				5563BB2D23FF77B500A559B8 /* ParstagramTests.swift */,
				5563BB2F23FF77B500A559B8 /* Info.plist */,
			);
			path = ParstagramTests;
			sourceTree = "<group>";
		};
		5563BB3723FF77B500A559B8 /* ParstagramUITests */ = {
			isa = PBXGroup;
			children = (
				5563BB3823FF77B500A559B8 /* ParstagramUITests.swift */,
				5563BB3A23FF77B500A559B8 /* Info.plist */,
			);
			path = ParstagramUITests;
			sourceTree = "<group>";
		};
/* End PBXGroup section */

/* Begin PBXNativeTarget section */
		5563BB1223FF77B300A559B8 /* Parstagram */ = {
			isa = PBXNativeTarget;
			buildConfigurationList = 5563BB3D23FF77B500A559B8 /* Build configuration list for PBXNativeTarget "Parstagram" */;
			buildPhases = (
				5563BB0F23FF77B300A559B8 /* Sources */,
				5563BB1023FF77B300A559B8 /* Frameworks */,
				5563BB1123FF77B300A559B8 /* Resources */,
			);
			buildRules = (
			);
			dependencies = (
			);
			name = Parstagram;
			productName = Parstagram;
			productReference = 5563BB1323FF77B300A559B8 /* Parstagram.app */;
			productType = "com.apple.product-type.application";
		};
		5563BB2823FF77B500A559B8 /* ParstagramTests */ = {
			isa = PBXNativeTarget;
			buildConfigurationList = 5563BB4023FF77B500A559B8 /* Build configuration list for PBXNativeTarget "ParstagramTests" */;
			buildPhases = (
				5563BB2523FF77B500A559B8 /* Sources */,
				5563BB2623FF77B500A559B8 /* Frameworks */,
				5563BB2723FF77B500A559B8 /* Resources */,
			);
			buildRules = (
			);
			dependencies = (
				5563BB2B23FF77B500A559B8 /* PBXTargetDependency */,
			);
			name = ParstagramTests;
			productName = ParstagramTests;
			productReference = 5563BB2923FF77B500A559B8 /* ParstagramTests.xctest */;
			productType = "com.apple.product-type.bundle.unit-test";
		};
		5563BB3323FF77B500A559B8 /* ParstagramUITests */ = {
			isa = PBXNativeTarget;
			buildConfigurationList = 5563BB4323FF77B500A559B8 /* Build configuration list for PBXNativeTarget "ParstagramUITests" */;
			buildPhases = (
				5563BB3023FF77B500A559B8 /* Sources */,
				5563BB3123FF77B500A559B8 /* Frameworks */,
				5563BB3223FF77B500A559B8 /* Resources */,
			);
			buildRules = (
			);
			dependencies = (
				5563BB3623FF77B500A559B8 /* PBXTargetDependency */,
			);
			name = ParstagramUITests;
			productName = ParstagramUITests;
			productReference = 5563BB3423FF77B500A559B8 /* ParstagramUITests.xctest */;
			productType = "com.apple.product-type.bundle.ui-testing";
		};
/* End PBXNativeTarget section */

/* Begin PBXProject section */
		5563BB0B23FF77B300A559B8 /* Project object */ = {
			isa = PBXProject;
			attributes = {
				LastSwiftUpdateCheck = 1130;
				LastUpgradeCheck = 1130;
				ORGANIZATIONNAME = "Christian Lay-Geng";
				TargetAttributes = {
					5563BB1223FF77B300A559B8 = {
						CreatedOnToolsVersion = 11.3;
					};
					5563BB2823FF77B500A559B8 = {
						CreatedOnToolsVersion = 11.3;
						TestTargetID = 5563BB1223FF77B300A559B8;
					};
					5563BB3323FF77B500A559B8 = {
						CreatedOnToolsVersion = 11.3;
						TestTargetID = 5563BB1223FF77B300A559B8;
					};
				};
			};
			buildConfigurationList = 5563BB0E23FF77B300A559B8 /* Build configuration list for PBXProject "Parstagram" */;
			compatibilityVersion = "Xcode 9.3";
			developmentRegion = en;
			hasScannedForEncodings = 0;
			knownRegions = (
				en,
				Base,
			);
			mainGroup = 5563BB0A23FF77B300A559B8;
			productRefGroup = 5563BB1423FF77B300A559B8 /* Products */;
			projectDirPath = "";
			projectRoot = "";
			targets = (
				5563BB1223FF77B300A559B8 /* Parstagram */,
				5563BB2823FF77B500A559B8 /* ParstagramTests */,
				5563BB3323FF77B500A559B8 /* ParstagramUITests */,
			);
		};
/* End PBXProject section */

/* Begin PBXResourcesBuildPhase section */
		5563BB1123FF77B300A559B8 /* Resources */ = {
			isa = PBXResourcesBuildPhase;
			buildActionMask = 2147483647;
			files = (
				5563BB2323FF77B500A559B8 /* LaunchScreen.storyboard in Resources */,
				5563BB2023FF77B500A559B8 /* Assets.xcassets in Resources */,
				5563BB1E23FF77B300A559B8 /* Main.storyboard in Resources */,
			);
			runOnlyForDeploymentPostprocessing = 0;
		};
		5563BB2723FF77B500A559B8 /* Resources */ = {
			isa = PBXResourcesBuildPhase;
			buildActionMask = 2147483647;
			files = (
			);
			runOnlyForDeploymentPostprocessing = 0;
		};
		5563BB3223FF77B500A559B8 /* Resources */ = {
			isa = PBXResourcesBuildPhase;
			buildActionMask = 2147483647;
			files = (
			);
			runOnlyForDeploymentPostprocessing = 0;
		};
/* End PBXResourcesBuildPhase section */

/* Begin PBXSourcesBuildPhase section */
		5563BB0F23FF77B300A559B8 /* Sources */ = {
			isa = PBXSourcesBuildPhase;
			buildActionMask = 2147483647;
			files = (
				5563BB1B23FF77B300A559B8 /* ViewController.swift in Sources */,
				5563BB1723FF77B300A559B8 /* AppDelegate.swift in Sources */,
				5563BB1923FF77B300A559B8 /* SceneDelegate.swift in Sources */,
			);
			runOnlyForDeploymentPostprocessing = 0;
		};
		5563BB2523FF77B500A559B8 /* Sources */ = {
			isa = PBXSourcesBuildPhase;
			buildActionMask = 2147483647;
			files = (
				5563BB2E23FF77B500A559B8 /* ParstagramTests.swift in Sources */,
			);
			runOnlyForDeploymentPostprocessing = 0;
		};
		5563BB3023FF77B500A559B8 /* Sources */ = {
			isa = PBXSourcesBuildPhase;
			buildActionMask = 2147483647;
			files = (
				5563BB3923FF77B500A559B8 /* ParstagramUITests.swift in Sources */,
			);
			runOnlyForDeploymentPostprocessing = 0;
		};
/* End PBXSourcesBuildPhase section */

/* Begin PBXTargetDependency section */
		5563BB2B23FF77B500A559B8 /* PBXTargetDependency */ = {
			isa = PBXTargetDependency;
			target = 5563BB1223FF77B300A559B8 /* Parstagram */;
			targetProxy = 5563BB2A23FF77B500A559B8 /* PBXContainerItemProxy */;
		};
		5563BB3623FF77B500A559B8 /* PBXTargetDependency */ = {
			isa = PBXTargetDependency;
			target = 5563BB1223FF77B300A559B8 /* Parstagram */;
			targetProxy = 5563BB3523FF77B500A559B8 /* PBXContainerItemProxy */;
		};
/* End PBXTargetDependency section */

/* Begin PBXVariantGroup section */
		5563BB1C23FF77B300A559B8 /* Main.storyboard */ = {
			isa = PBXVariantGroup;
			children = (
				5563BB1D23FF77B300A559B8 /* Base */,
			);
			name = Main.storyboard;
			sourceTree = "<group>";
		};
		5563BB2123FF77B500A559B8 /* LaunchScreen.storyboard */ = {
			isa = PBXVariantGroup;
			children = (
				5563BB2223FF77B500A559B8 /* Base */,
			);
			name = LaunchScreen.storyboard;
			sourceTree = "<group>";
		};
/* End PBXVariantGroup section */

/* Begin XCBuildConfiguration section */
		5563BB3B23FF77B500A559B8 /* Debug */ = {
			isa = XCBuildConfiguration;
			buildSettings = {
				ALWAYS_SEARCH_USER_PATHS = NO;
				CLANG_ANALYZER_NONNULL = YES;
				CLANG_ANALYZER_NUMBER_OBJECT_CONVERSION = YES_AGGRESSIVE;
				CLANG_CXX_LANGUAGE_STANDARD = "gnu++14";
				CLANG_CXX_LIBRARY = "libc++";
				CLANG_ENABLE_MODULES = YES;
				CLANG_ENABLE_OBJC_ARC = YES;
				CLANG_ENABLE_OBJC_WEAK = YES;
				CLANG_WARN_BLOCK_CAPTURE_AUTORELEASING = YES;
				CLANG_WARN_BOOL_CONVERSION = YES;
				CLANG_WARN_COMMA = YES;
				CLANG_WARN_CONSTANT_CONVERSION = YES;
				CLANG_WARN_DEPRECATED_OBJC_IMPLEMENTATIONS = YES;
				CLANG_WARN_DIRECT_OBJC_ISA_USAGE = YES_ERROR;
				CLANG_WARN_DOCUMENTATION_COMMENTS = YES;
				CLANG_WARN_EMPTY_BODY = YES;
				CLANG_WARN_ENUM_CONVERSION = YES;
				CLANG_WARN_INFINITE_RECURSION = YES;
				CLANG_WARN_INT_CONVERSION = YES;
				CLANG_WARN_NON_LITERAL_NULL_CONVERSION = YES;
				CLANG_WARN_OBJC_IMPLICIT_RETAIN_SELF = YES;
				CLANG_WARN_OBJC_LITERAL_CONVERSION = YES;
				CLANG_WARN_OBJC_ROOT_CLASS = YES_ERROR;
				CLANG_WARN_RANGE_LOOP_ANALYSIS = YES;
				CLANG_WARN_STRICT_PROTOTYPES = YES;
				CLANG_WARN_SUSPICIOUS_MOVE = YES;
				CLANG_WARN_UNGUARDED_AVAILABILITY = YES_AGGRESSIVE;
				CLANG_WARN_UNREACHABLE_CODE = YES;
				CLANG_WARN__DUPLICATE_METHOD_MATCH = YES;
				COPY_PHASE_STRIP = NO;
				DEBUG_INFORMATION_FORMAT = dwarf;
				ENABLE_STRICT_OBJC_MSGSEND = YES;
				ENABLE_TESTABILITY = YES;
				GCC_C_LANGUAGE_STANDARD = gnu11;
				GCC_DYNAMIC_NO_PIC = NO;
				GCC_NO_COMMON_BLOCKS = YES;
				GCC_OPTIMIZATION_LEVEL = 0;
				GCC_PREPROCESSOR_DEFINITIONS = (
					"DEBUG=1",
					"$(inherited)",
				);
				GCC_WARN_64_TO_32_BIT_CONVERSION = YES;
				GCC_WARN_ABOUT_RETURN_TYPE = YES_ERROR;
				GCC_WARN_UNDECLARED_SELECTOR = YES;
				GCC_WARN_UNINITIALIZED_AUTOS = YES_AGGRESSIVE;
				GCC_WARN_UNUSED_FUNCTION = YES;
				GCC_WARN_UNUSED_VARIABLE = YES;
				IPHONEOS_DEPLOYMENT_TARGET = 13.2;
				MTL_ENABLE_DEBUG_INFO = INCLUDE_SOURCE;
				MTL_FAST_MATH = YES;
				ONLY_ACTIVE_ARCH = YES;
				SDKROOT = iphoneos;
				SWIFT_ACTIVE_COMPILATION_CONDITIONS = DEBUG;
				SWIFT_OPTIMIZATION_LEVEL = "-Onone";
			};
			name = Debug;
		};
		5563BB3C23FF77B500A559B8 /* Release */ = {
			isa = XCBuildConfiguration;
			buildSettings = {
				ALWAYS_SEARCH_USER_PATHS = NO;
				CLANG_ANALYZER_NONNULL = YES;
				CLANG_ANALYZER_NUMBER_OBJECT_CONVERSION = YES_AGGRESSIVE;
				CLANG_CXX_LANGUAGE_STANDARD = "gnu++14";
				CLANG_CXX_LIBRARY = "libc++";
				CLANG_ENABLE_MODULES = YES;
				CLANG_ENABLE_OBJC_ARC = YES;
				CLANG_ENABLE_OBJC_WEAK = YES;
				CLANG_WARN_BLOCK_CAPTURE_AUTORELEASING = YES;
				CLANG_WARN_BOOL_CONVERSION = YES;
				CLANG_WARN_COMMA = YES;
				CLANG_WARN_CONSTANT_CONVERSION = YES;
				CLANG_WARN_DEPRECATED_OBJC_IMPLEMENTATIONS = YES;
				CLANG_WARN_DIRECT_OBJC_ISA_USAGE = YES_ERROR;
				CLANG_WARN_DOCUMENTATION_COMMENTS = YES;
				CLANG_WARN_EMPTY_BODY = YES;
				CLANG_WARN_ENUM_CONVERSION = YES;
				CLANG_WARN_INFINITE_RECURSION = YES;
				CLANG_WARN_INT_CONVERSION = YES;
				CLANG_WARN_NON_LITERAL_NULL_CONVERSION = YES;
				CLANG_WARN_OBJC_IMPLICIT_RETAIN_SELF = YES;
				CLANG_WARN_OBJC_LITERAL_CONVERSION = YES;
				CLANG_WARN_OBJC_ROOT_CLASS = YES_ERROR;
				CLANG_WARN_RANGE_LOOP_ANALYSIS = YES;
				CLANG_WARN_STRICT_PROTOTYPES = YES;
				CLANG_WARN_SUSPICIOUS_MOVE = YES;
				CLANG_WARN_UNGUARDED_AVAILABILITY = YES_AGGRESSIVE;
				CLANG_WARN_UNREACHABLE_CODE = YES;
				CLANG_WARN__DUPLICATE_METHOD_MATCH = YES;
				COPY_PHASE_STRIP = NO;
				DEBUG_INFORMATION_FORMAT = "dwarf-with-dsym";
				ENABLE_NS_ASSERTIONS = NO;
				ENABLE_STRICT_OBJC_MSGSEND = YES;
				GCC_C_LANGUAGE_STANDARD = gnu11;
				GCC_NO_COMMON_BLOCKS = YES;
				GCC_WARN_64_TO_32_BIT_CONVERSION = YES;
				GCC_WARN_ABOUT_RETURN_TYPE = YES_ERROR;
				GCC_WARN_UNDECLARED_SELECTOR = YES;
				GCC_WARN_UNINITIALIZED_AUTOS = YES_AGGRESSIVE;
				GCC_WARN_UNUSED_FUNCTION = YES;
				GCC_WARN_UNUSED_VARIABLE = YES;
				IPHONEOS_DEPLOYMENT_TARGET = 13.2;
				MTL_ENABLE_DEBUG_INFO = NO;
				MTL_FAST_MATH = YES;
				SDKROOT = iphoneos;
				SWIFT_COMPILATION_MODE = wholemodule;
				SWIFT_OPTIMIZATION_LEVEL = "-O";
				VALIDATE_PRODUCT = YES;
			};
			name = Release;
		};
		5563BB3E23FF77B500A559B8 /* Debug */ = {
			isa = XCBuildConfiguration;
			buildSettings = {
				ASSETCATALOG_COMPILER_APPICON_NAME = AppIcon;
				CODE_SIGN_STYLE = Automatic;
				DEVELOPMENT_TEAM = U53A6839FM;
				INFOPLIST_FILE = Parstagram/Info.plist;
				LD_RUNPATH_SEARCH_PATHS = (
					"$(inherited)",
					"@executable_path/Frameworks",
				);
				PRODUCT_BUNDLE_IDENTIFIER = codepath.Parstagram;
				PRODUCT_NAME = "$(TARGET_NAME)";
				SWIFT_VERSION = 5.0;
				TARGETED_DEVICE_FAMILY = "1,2";
			};
			name = Debug;
		};
		5563BB3F23FF77B500A559B8 /* Release */ = {
			isa = XCBuildConfiguration;
			buildSettings = {
				ASSETCATALOG_COMPILER_APPICON_NAME = AppIcon;
				CODE_SIGN_STYLE = Automatic;
				DEVELOPMENT_TEAM = U53A6839FM;
				INFOPLIST_FILE = Parstagram/Info.plist;
				LD_RUNPATH_SEARCH_PATHS = (
					"$(inherited)",
					"@executable_path/Frameworks",
				);
				PRODUCT_BUNDLE_IDENTIFIER = codepath.Parstagram;
				PRODUCT_NAME = "$(TARGET_NAME)";
				SWIFT_VERSION = 5.0;
				TARGETED_DEVICE_FAMILY = "1,2";
			};
			name = Release;
		};
		5563BB4123FF77B500A559B8 /* Debug */ = {
			isa = XCBuildConfiguration;
			buildSettings = {
				ALWAYS_EMBED_SWIFT_STANDARD_LIBRARIES = YES;
				BUNDLE_LOADER = "$(TEST_HOST)";
				CODE_SIGN_STYLE = Automatic;
				DEVELOPMENT_TEAM = U53A6839FM;
				INFOPLIST_FILE = ParstagramTests/Info.plist;
				IPHONEOS_DEPLOYMENT_TARGET = 13.2;
				LD_RUNPATH_SEARCH_PATHS = (
					"$(inherited)",
					"@executable_path/Frameworks",
					"@loader_path/Frameworks",
				);
				PRODUCT_BUNDLE_IDENTIFIER = codepath.ParstagramTests;
				PRODUCT_NAME = "$(TARGET_NAME)";
				SWIFT_VERSION = 5.0;
				TARGETED_DEVICE_FAMILY = "1,2";
				TEST_HOST = "$(BUILT_PRODUCTS_DIR)/Parstagram.app/Parstagram";
			};
			name = Debug;
		};
		5563BB4223FF77B500A559B8 /* Release */ = {
			isa = XCBuildConfiguration;
			buildSettings = {
				ALWAYS_EMBED_SWIFT_STANDARD_LIBRARIES = YES;
				BUNDLE_LOADER = "$(TEST_HOST)";
				CODE_SIGN_STYLE = Automatic;
				DEVELOPMENT_TEAM = U53A6839FM;
				INFOPLIST_FILE = ParstagramTests/Info.plist;
				IPHONEOS_DEPLOYMENT_TARGET = 13.2;
				LD_RUNPATH_SEARCH_PATHS = (
					"$(inherited)",
					"@executable_path/Frameworks",
					"@loader_path/Frameworks",
				);
				PRODUCT_BUNDLE_IDENTIFIER = codepath.ParstagramTests;
				PRODUCT_NAME = "$(TARGET_NAME)";
				SWIFT_VERSION = 5.0;
				TARGETED_DEVICE_FAMILY = "1,2";
				TEST_HOST = "$(BUILT_PRODUCTS_DIR)/Parstagram.app/Parstagram";
			};
			name = Release;
		};
		5563BB4423FF77B500A559B8 /* Debug */ = {
			isa = XCBuildConfiguration;
			buildSettings = {
				ALWAYS_EMBED_SWIFT_STANDARD_LIBRARIES = YES;
				CODE_SIGN_STYLE = Automatic;
				DEVELOPMENT_TEAM = U53A6839FM;
				INFOPLIST_FILE = ParstagramUITests/Info.plist;
				LD_RUNPATH_SEARCH_PATHS = (
					"$(inherited)",
					"@executable_path/Frameworks",
					"@loader_path/Frameworks",
				);
				PRODUCT_BUNDLE_IDENTIFIER = codepath.ParstagramUITests;
				PRODUCT_NAME = "$(TARGET_NAME)";
				SWIFT_VERSION = 5.0;
				TARGETED_DEVICE_FAMILY = "1,2";
				TEST_TARGET_NAME = Parstagram;
			};
			name = Debug;
		};
		5563BB4523FF77B500A559B8 /* Release */ = {
			isa = XCBuildConfiguration;
			buildSettings = {
				ALWAYS_EMBED_SWIFT_STANDARD_LIBRARIES = YES;
				CODE_SIGN_STYLE = Automatic;
				DEVELOPMENT_TEAM = U53A6839FM;
				INFOPLIST_FILE = ParstagramUITests/Info.plist;
				LD_RUNPATH_SEARCH_PATHS = (
					"$(inherited)",
					"@executable_path/Frameworks",
					"@loader_path/Frameworks",
				);
				PRODUCT_BUNDLE_IDENTIFIER = codepath.ParstagramUITests;
				PRODUCT_NAME = "$(TARGET_NAME)";
				SWIFT_VERSION = 5.0;
				TARGETED_DEVICE_FAMILY = "1,2";
				TEST_TARGET_NAME = Parstagram;
			};
			name = Release;
		};
/* End XCBuildConfiguration section */

/* Begin XCConfigurationList section */
		5563BB0E23FF77B300A559B8 /* Build configuration list for PBXProject "Parstagram" */ = {
			isa = XCConfigurationList;
			buildConfigurations = (
				5563BB3B23FF77B500A559B8 /* Debug */,
				5563BB3C23FF77B500A559B8 /* Release */,
			);
			defaultConfigurationIsVisible = 0;
			defaultConfigurationName = Release;
		};
		5563BB3D23FF77B500A559B8 /* Build configuration list for PBXNativeTarget "Parstagram" */ = {
			isa = XCConfigurationList;
			buildConfigurations = (
				5563BB3E23FF77B500A559B8 /* Debug */,
				5563BB3F23FF77B500A559B8 /* Release */,
			);
			defaultConfigurationIsVisible = 0;
			defaultConfigurationName = Release;
		};
		5563BB4023FF77B500A559B8 /* Build configuration list for PBXNativeTarget "ParstagramTests" */ = {
			isa = XCConfigurationList;
			buildConfigurations = (
				5563BB4123FF77B500A559B8 /* Debug */,
				5563BB4223FF77B500A559B8 /* Release */,
			);
			defaultConfigurationIsVisible = 0;
			defaultConfigurationName = Release;
		};
		5563BB4323FF77B500A559B8 /* Build configuration list for PBXNativeTarget "ParstagramUITests" */ = {
			isa = XCConfigurationList;
			buildConfigurations = (
				5563BB4423FF77B500A559B8 /* Debug */,
				5563BB4523FF77B500A559B8 /* Release */,
			);
			defaultConfigurationIsVisible = 0;
			defaultConfigurationName = Release;
		};
/* End XCConfigurationList section */
	};
	rootObject = 5563BB0B23FF77B300A559B8 /* Project object */;
}
