// !$*UTF8*$!
{
	archiveVersion = 1;
	classes = {
	};
	objectVersion = 51;
	objects = {

/* Begin PBXBuildFile section */
		4625CE9481486961B0BEEE7F /* Pods_Parstagram_ParstagramUITests.framework in Frameworks */ = {isa = PBXBuildFile; fileRef = 0B43B51582CF4650FECAA97B /* Pods_Parstagram_ParstagramUITests.framework */; };
		4E1D5E3CBD66BD9558F29D6A /* Pods_ParstagramTests.framework in Frameworks */ = {isa = PBXBuildFile; fileRef = D7EAE68232A7BA48B931F854 /* Pods_ParstagramTests.framework */; };
		551A681E2406F0FB0022985B /* CameraViewController.swift in Sources */ = {isa = PBXBuildFile; fileRef = 551A681D2406F0FB0022985B /* CameraViewController.swift */; };
		551A68202407519C0022985B /* PostCell.swift in Sources */ = {isa = PBXBuildFile; fileRef = 551A681F2407519C0022985B /* PostCell.swift */; };
		5528A3CB23FF7FA500F0EA76 /* LoginViewController.swift in Sources */ = {isa = PBXBuildFile; fileRef = 5528A3CA23FF7FA500F0EA76 /* LoginViewController.swift */; };
		5528A3CD23FF7FB000F0EA76 /* FeedViewController.swift in Sources */ = {isa = PBXBuildFile; fileRef = 5528A3CC23FF7FB000F0EA76 /* FeedViewController.swift */; };
		5563BB1723FF77B300A559B8 /* AppDelegate.swift in Sources */ = {isa = PBXBuildFile; fileRef = 5563BB1623FF77B300A559B8 /* AppDelegate.swift */; };
		5563BB1923FF77B300A559B8 /* SceneDelegate.swift in Sources */ = {isa = PBXBuildFile; fileRef = 5563BB1823FF77B300A559B8 /* SceneDelegate.swift */; };
		5563BB1E23FF77B300A559B8 /* Main.storyboard in Resources */ = {isa = PBXBuildFile; fileRef = 5563BB1C23FF77B300A559B8 /* Main.storyboard */; };
		5563BB2023FF77B500A559B8 /* Assets.xcassets in Resources */ = {isa = PBXBuildFile; fileRef = 5563BB1F23FF77B500A559B8 /* Assets.xcassets */; };
		5563BB2323FF77B500A559B8 /* LaunchScreen.storyboard in Resources */ = {isa = PBXBuildFile; fileRef = 5563BB2123FF77B500A559B8 /* LaunchScreen.storyboard */; };
		5563BB2E23FF77B500A559B8 /* ParstagramTests.swift in Sources */ = {isa = PBXBuildFile; fileRef = 5563BB2D23FF77B500A559B8 /* ParstagramTests.swift */; };
		5563BB3923FF77B500A559B8 /* ParstagramUITests.swift in Sources */ = {isa = PBXBuildFile; fileRef = 5563BB3823FF77B500A559B8 /* ParstagramUITests.swift */; };
		F728E8935DC5C2C8E647CE42 /* Pods_Parstagram.framework in Frameworks */ = {isa = PBXBuildFile; fileRef = 9217D71F4528AB3D6E2E4D20 /* Pods_Parstagram.framework */; };
/* End PBXBuildFile section */

/* Begin PBXContainerItemProxy section */
		5563BB2A23FF77B500A559B8 /* PBXContainerItemProxy */ = {
			isa = PBXContainerItemProxy;
			containerPortal = 5563BB0B23FF77B300A559B8 /* Project object */;
			proxyType = 1;
			remoteGlobalIDString = 5563BB1223FF77B300A559B8;
			remoteInfo = Parstagram;
		};
		5563BB3523FF77B500A559B8 /* PBXContainerItemProxy */ = {
			isa = PBXContainerItemProxy;
			containerPortal = 5563BB0B23FF77B300A559B8 /* Project object */;
			proxyType = 1;
			remoteGlobalIDString = 5563BB1223FF77B300A559B8;
			remoteInfo = Parstagram;
		};
/* End PBXContainerItemProxy section */

/* Begin PBXFileReference section */
		0B43B51582CF4650FECAA97B /* Pods_Parstagram_ParstagramUITests.framework */ = {isa = PBXFileReference; explicitFileType = wrapper.framework; includeInIndex = 0; path = Pods_Parstagram_ParstagramUITests.framework; sourceTree = BUILT_PRODUCTS_DIR; };
		551A681D2406F0FB0022985B /* CameraViewController.swift */ = {isa = PBXFileReference; lastKnownFileType = sourcecode.swift; path = CameraViewController.swift; sourceTree = "<group>"; };
		551A681F2407519C0022985B /* PostCell.swift */ = {isa = PBXFileReference; lastKnownFileType = sourcecode.swift; path = PostCell.swift; sourceTree = "<group>"; };
		5528A3CA23FF7FA500F0EA76 /* LoginViewController.swift */ = {isa = PBXFileReference; lastKnownFileType = sourcecode.swift; path = LoginViewController.swift; sourceTree = "<group>"; };
		5528A3CC23FF7FB000F0EA76 /* FeedViewController.swift */ = {isa = PBXFileReference; lastKnownFileType = sourcecode.swift; path = FeedViewController.swift; sourceTree = "<group>"; };
		5563BB1323FF77B300A559B8 /* Parstagram.app */ = {isa = PBXFileReference; explicitFileType = wrapper.application; includeInIndex = 0; path = Parstagram.app; sourceTree = BUILT_PRODUCTS_DIR; };
		5563BB1623FF77B300A559B8 /* AppDelegate.swift */ = {isa = PBXFileReference; lastKnownFileType = sourcecode.swift; path = AppDelegate.swift; sourceTree = "<group>"; };
		5563BB1823FF77B300A559B8 /* SceneDelegate.swift */ = {isa = PBXFileReference; lastKnownFileType = sourcecode.swift; path = SceneDelegate.swift; sourceTree = "<group>"; };
		5563BB1D23FF77B300A559B8 /* Base */ = {isa = PBXFileReference; lastKnownFileType = file.storyboard; name = Base; path = Base.lproj/Main.storyboard; sourceTree = "<group>"; };
		5563BB1F23FF77B500A559B8 /* Assets.xcassets */ = {isa = PBXFileReference; lastKnownFileType = folder.assetcatalog; path = Assets.xcassets; sourceTree = "<group>"; };
		5563BB2223FF77B500A559B8 /* Base */ = {isa = PBXFileReference; lastKnownFileType = file.storyboard; name = Base; path = Base.lproj/LaunchScreen.storyboard; sourceTree = "<group>"; };
		5563BB2423FF77B500A559B8 /* Info.plist */ = {isa = PBXFileReference; lastKnownFileType = text.plist.xml; path = Info.plist; sourceTree = "<group>"; };
		5563BB2923FF77B500A559B8 /* ParstagramTests.xctest */ = {isa = PBXFileReference; explicitFileType = wrapper.cfbundle; includeInIndex = 0; path = ParstagramTests.xctest; sourceTree = BUILT_PRODUCTS_DIR; };
		5563BB2D23FF77B500A559B8 /* ParstagramTests.swift */ = {isa = PBXFileReference; lastKnownFileType = sourcecode.swift; path = ParstagramTests.swift; sourceTree = "<group>"; };
		5563BB2F23FF77B500A559B8 /* Info.plist */ = {isa = PBXFileReference; lastKnownFileType = text.plist.xml; path = Info.plist; sourceTree = "<group>"; };
		5563BB3423FF77B500A559B8 /* ParstagramUITests.xctest */ = {isa = PBXFileReference; explicitFileType = wrapper.cfbundle; includeInIndex = 0; path = ParstagramUITests.xctest; sourceTree = BUILT_PRODUCTS_DIR; };
		5563BB3823FF77B500A559B8 /* ParstagramUITests.swift */ = {isa = PBXFileReference; lastKnownFileType = sourcecode.swift; path = ParstagramUITests.swift; sourceTree = "<group>"; };
		5563BB3A23FF77B500A559B8 /* Info.plist */ = {isa = PBXFileReference; lastKnownFileType = text.plist.xml; path = Info.plist; sourceTree = "<group>"; };
		9217D71F4528AB3D6E2E4D20 /* Pods_Parstagram.framework */ = {isa = PBXFileReference; explicitFileType = wrapper.framework; includeInIndex = 0; path = Pods_Parstagram.framework; sourceTree = BUILT_PRODUCTS_DIR; };
		9CF7951ED955F48A85F1E013 /* Pods-ParstagramTests.debug.xcconfig */ = {isa = PBXFileReference; includeInIndex = 1; lastKnownFileType = text.xcconfig; name = "Pods-ParstagramTests.debug.xcconfig"; path = "Target Support Files/Pods-ParstagramTests/Pods-ParstagramTests.debug.xcconfig"; sourceTree = "<group>"; };
		C06F65B0109A517192773FA4 /* Pods-Parstagram-ParstagramUITests.debug.xcconfig */ = {isa = PBXFileReference; includeInIndex = 1; lastKnownFileType = text.xcconfig; name = "Pods-Parstagram-ParstagramUITests.debug.xcconfig"; path = "Target Support Files/Pods-Parstagram-ParstagramUITests/Pods-Parstagram-ParstagramUITests.debug.xcconfig"; sourceTree = "<group>"; };
		C7E471068CC6BFA0D8AA98DF /* Pods-Parstagram.release.xcconfig */ = {isa = PBXFileReference; includeInIndex = 1; lastKnownFileType = text.xcconfig; name = "Pods-Parstagram.release.xcconfig"; path = "Target Support Files/Pods-Parstagram/Pods-Parstagram.release.xcconfig"; sourceTree = "<group>"; };
		CA8750C41113F6BE97A2D1B0 /* Pods-Parstagram-ParstagramUITests.release.xcconfig */ = {isa = PBXFileReference; includeInIndex = 1; lastKnownFileType = text.xcconfig; name = "Pods-Parstagram-ParstagramUITests.release.xcconfig"; path = "Target Support Files/Pods-Parstagram-ParstagramUITests/Pods-Parstagram-ParstagramUITests.release.xcconfig"; sourceTree = "<group>"; };
		D7EAE68232A7BA48B931F854 /* Pods_ParstagramTests.framework */ = {isa = PBXFileReference; explicitFileType = wrapper.framework; includeInIndex = 0; path = Pods_ParstagramTests.framework; sourceTree = BUILT_PRODUCTS_DIR; };
		F483FB9ED44B317733C5BE56 /* Pods-Parstagram.debug.xcconfig */ = {isa = PBXFileReference; includeInIndex = 1; lastKnownFileType = text.xcconfig; name = "Pods-Parstagram.debug.xcconfig"; path = "Target Support Files/Pods-Parstagram/Pods-Parstagram.debug.xcconfig"; sourceTree = "<group>"; };
		F573F4D894D8E6034440DC23 /* Pods-ParstagramTests.release.xcconfig */ = {isa = PBXFileReference; includeInIndex = 1; lastKnownFileType = text.xcconfig; name = "Pods-ParstagramTests.release.xcconfig"; path = "Target Support Files/Pods-ParstagramTests/Pods-ParstagramTests.release.xcconfig"; sourceTree = "<group>"; };
/* End PBXFileReference section */

/* Begin PBXFrameworksBuildPhase section */
		5563BB1023FF77B300A559B8 /* Frameworks */ = {
			isa = PBXFrameworksBuildPhase;
			buildActionMask = 2147483647;
			files = (
				F728E8935DC5C2C8E647CE42 /* Pods_Parstagram.framework in Frameworks */,
			);
			runOnlyForDeploymentPostprocessing = 0;
		};
		5563BB2623FF77B500A559B8 /* Frameworks */ = {
			isa = PBXFrameworksBuildPhase;
			buildActionMask = 2147483647;
			files = (
				4E1D5E3CBD66BD9558F29D6A /* Pods_ParstagramTests.framework in Frameworks */,
			);
			runOnlyForDeploymentPostprocessing = 0;
		};
		5563BB3123FF77B500A559B8 /* Frameworks */ = {
			isa = PBXFrameworksBuildPhase;
			buildActionMask = 2147483647;
			files = (
				4625CE9481486961B0BEEE7F /* Pods_Parstagram_ParstagramUITests.framework in Frameworks */,
			);
			runOnlyForDeploymentPostprocessing = 0;
		};
/* End PBXFrameworksBuildPhase section */

/* Begin PBXGroup section */
		026A218B568F5C13654D2E9C /* Pods */ = {
			isa = PBXGroup;
			children = (
				F483FB9ED44B317733C5BE56 /* Pods-Parstagram.debug.xcconfig */,
				C7E471068CC6BFA0D8AA98DF /* Pods-Parstagram.release.xcconfig */,
				C06F65B0109A517192773FA4 /* Pods-Parstagram-ParstagramUITests.debug.xcconfig */,
				CA8750C41113F6BE97A2D1B0 /* Pods-Parstagram-ParstagramUITests.release.xcconfig */,
				9CF7951ED955F48A85F1E013 /* Pods-ParstagramTests.debug.xcconfig */,
				F573F4D894D8E6034440DC23 /* Pods-ParstagramTests.release.xcconfig */,
			);
			path = Pods;
			sourceTree = "<group>";
		};
		0B49DC9AC30DB0C6518AE5D9 /* Frameworks */ = {
			isa = PBXGroup;
			children = (
				9217D71F4528AB3D6E2E4D20 /* Pods_Parstagram.framework */,
				0B43B51582CF4650FECAA97B /* Pods_Parstagram_ParstagramUITests.framework */,
				D7EAE68232A7BA48B931F854 /* Pods_ParstagramTests.framework */,
			);
			name = Frameworks;
			sourceTree = "<group>";
		};
		5563BB0A23FF77B300A559B8 = {
			isa = PBXGroup;
			children = (
				5563BB1523FF77B300A559B8 /* Parstagram */,
				5563BB2C23FF77B500A559B8 /* ParstagramTests */,
				5563BB3723FF77B500A559B8 /* ParstagramUITests */,
				5563BB1423FF77B300A559B8 /* Products */,
				026A218B568F5C13654D2E9C /* Pods */,
				0B49DC9AC30DB0C6518AE5D9 /* Frameworks */,
			);
			sourceTree = "<group>";
		};
		5563BB1423FF77B300A559B8 /* Products */ = {
			isa = PBXGroup;
			children = (
				5563BB1323FF77B300A559B8 /* Parstagram.app */,
				5563BB2923FF77B500A559B8 /* ParstagramTests.xctest */,
				5563BB3423FF77B500A559B8 /* ParstagramUITests.xctest */,
			);
			name = Products;
			sourceTree = "<group>";
		};
		5563BB1523FF77B300A559B8 /* Parstagram */ = {
			isa = PBXGroup;
			children = (
				5563BB1623FF77B300A559B8 /* AppDelegate.swift */,
				5563BB1823FF77B300A559B8 /* SceneDelegate.swift */,
				5563BB1C23FF77B300A559B8 /* Main.storyboard */,
				551A681F2407519C0022985B /* PostCell.swift */,
				5563BB1F23FF77B500A559B8 /* Assets.xcassets */,
				5563BB2123FF77B500A559B8 /* LaunchScreen.storyboard */,
				5563BB2423FF77B500A559B8 /* Info.plist */,
				5528A3CA23FF7FA500F0EA76 /* LoginViewController.swift */,
				5528A3CC23FF7FB000F0EA76 /* FeedViewController.swift */,
				551A681D2406F0FB0022985B /* CameraViewController.swift */,
			);
			path = Parstagram;
			sourceTree = "<group>";
		};
		5563BB2C23FF77B500A559B8 /* ParstagramTests */ = {
			isa = PBXGroup;
			children = (
				5563BB2D23FF77B500A559B8 /* ParstagramTests.swift */,
				5563BB2F23FF77B500A559B8 /* Info.plist */,
			);
			path = ParstagramTests;
			sourceTree = "<group>";
		};
		5563BB3723FF77B500A559B8 /* ParstagramUITests */ = {
			isa = PBXGroup;
			children = (
				5563BB3823FF77B500A559B8 /* ParstagramUITests.swift */,
				5563BB3A23FF77B500A559B8 /* Info.plist */,
			);
			path = ParstagramUITests;
			sourceTree = "<group>";
		};
/* End PBXGroup section */

/* Begin PBXNativeTarget section */
		5563BB1223FF77B300A559B8 /* Parstagram */ = {
			isa = PBXNativeTarget;
			buildConfigurationList = 5563BB3D23FF77B500A559B8 /* Build configuration list for PBXNativeTarget "Parstagram" */;
			buildPhases = (
				5C995D2D9CF3AAE6D13E6DEA /* [CP] Check Pods Manifest.lock */,
				5563BB0F23FF77B300A559B8 /* Sources */,
				5563BB1023FF77B300A559B8 /* Frameworks */,
				5563BB1123FF77B300A559B8 /* Resources */,
				32BDF542E8A70CDE97FDB4BC /* [CP] Embed Pods Frameworks */,
			);
			buildRules = (
			);
			dependencies = (
			);
			name = Parstagram;
			productName = Parstagram;
			productReference = 5563BB1323FF77B300A559B8 /* Parstagram.app */;
			productType = "com.apple.product-type.application";
		};
		5563BB2823FF77B500A559B8 /* ParstagramTests */ = {
			isa = PBXNativeTarget;
			buildConfigurationList = 5563BB4023FF77B500A559B8 /* Build configuration list for PBXNativeTarget "ParstagramTests" */;
			buildPhases = (
				2B6F6E4C4F8FE1EE9DEDAB6B /* [CP] Check Pods Manifest.lock */,
				5563BB2523FF77B500A559B8 /* Sources */,
				5563BB2623FF77B500A559B8 /* Frameworks */,
				5563BB2723FF77B500A559B8 /* Resources */,
			);
			buildRules = (
			);
			dependencies = (
				5563BB2B23FF77B500A559B8 /* PBXTargetDependency */,
			);
			name = ParstagramTests;
			productName = ParstagramTests;
			productReference = 5563BB2923FF77B500A559B8 /* ParstagramTests.xctest */;
			productType = "com.apple.product-type.bundle.unit-test";
		};
		5563BB3323FF77B500A559B8 /* ParstagramUITests */ = {
			isa = PBXNativeTarget;
			buildConfigurationList = 5563BB4323FF77B500A559B8 /* Build configuration list for PBXNativeTarget "ParstagramUITests" */;
			buildPhases = (
				537987FD7DEB92489A86560F /* [CP] Check Pods Manifest.lock */,
				5563BB3023FF77B500A559B8 /* Sources */,
				5563BB3123FF77B500A559B8 /* Frameworks */,
				5563BB3223FF77B500A559B8 /* Resources */,
				C29F63AA2F13A3526F1A0826 /* [CP] Embed Pods Frameworks */,
			);
			buildRules = (
			);
			dependencies = (
				5563BB3623FF77B500A559B8 /* PBXTargetDependency */,
			);
			name = ParstagramUITests;
			productName = ParstagramUITests;
			productReference = 5563BB3423FF77B500A559B8 /* ParstagramUITests.xctest */;
			productType = "com.apple.product-type.bundle.ui-testing";
		};
/* End PBXNativeTarget section */

/* Begin PBXProject section */
		5563BB0B23FF77B300A559B8 /* Project object */ = {
			isa = PBXProject;
			attributes = {
				LastSwiftUpdateCheck = 1130;
				LastUpgradeCheck = 1130;
				ORGANIZATIONNAME = "Christian Lay-Geng";
				TargetAttributes = {
					5563BB1223FF77B300A559B8 = {
						CreatedOnToolsVersion = 11.3;
					};
					5563BB2823FF77B500A559B8 = {
						CreatedOnToolsVersion = 11.3;
						TestTargetID = 5563BB1223FF77B300A559B8;
					};
					5563BB3323FF77B500A559B8 = {
						CreatedOnToolsVersion = 11.3;
						TestTargetID = 5563BB1223FF77B300A559B8;
					};
				};
			};
			buildConfigurationList = 5563BB0E23FF77B300A559B8 /* Build configuration list for PBXProject "Parstagram" */;
			compatibilityVersion = "Xcode 9.3";
			developmentRegion = en;
			hasScannedForEncodings = 0;
			knownRegions = (
				en,
				Base,
			);
			mainGroup = 5563BB0A23FF77B300A559B8;
			productRefGroup = 5563BB1423FF77B300A559B8 /* Products */;
			projectDirPath = "";
			projectRoot = "";
			targets = (
				5563BB1223FF77B300A559B8 /* Parstagram */,
				5563BB2823FF77B500A559B8 /* ParstagramTests */,
				5563BB3323FF77B500A559B8 /* ParstagramUITests */,
			);
		};
/* End PBXProject section */

/* Begin PBXResourcesBuildPhase section */
		5563BB1123FF77B300A559B8 /* Resources */ = {
			isa = PBXResourcesBuildPhase;
			buildActionMask = 2147483647;
			files = (
				5563BB2323FF77B500A559B8 /* LaunchScreen.storyboard in Resources */,
				5563BB2023FF77B500A559B8 /* Assets.xcassets in Resources */,
				5563BB1E23FF77B300A559B8 /* Main.storyboard in Resources */,
			);
			runOnlyForDeploymentPostprocessing = 0;
		};
		5563BB2723FF77B500A559B8 /* Resources */ = {
			isa = PBXResourcesBuildPhase;
			buildActionMask = 2147483647;
			files = (
			);
			runOnlyForDeploymentPostprocessing = 0;
		};
		5563BB3223FF77B500A559B8 /* Resources */ = {
			isa = PBXResourcesBuildPhase;
			buildActionMask = 2147483647;
			files = (
			);
			runOnlyForDeploymentPostprocessing = 0;
		};
/* End PBXResourcesBuildPhase section */

/* Begin PBXShellScriptBuildPhase section */
		2B6F6E4C4F8FE1EE9DEDAB6B /* [CP] Check Pods Manifest.lock */ = {
			isa = PBXShellScriptBuildPhase;
			buildActionMask = 2147483647;
			files = (
			);
			inputFileListPaths = (
			);
			inputPaths = (
				"${PODS_PODFILE_DIR_PATH}/Podfile.lock",
				"${PODS_ROOT}/Manifest.lock",
			);
			name = "[CP] Check Pods Manifest.lock";
			outputFileListPaths = (
			);
			outputPaths = (
				"$(DERIVED_FILE_DIR)/Pods-ParstagramTests-checkManifestLockResult.txt",
			);
			runOnlyForDeploymentPostprocessing = 0;
			shellPath = /bin/sh;
			shellScript = "diff \"${PODS_PODFILE_DIR_PATH}/Podfile.lock\" \"${PODS_ROOT}/Manifest.lock\" > /dev/null\nif [ $? != 0 ] ; then\n    # print error to STDERR\n    echo \"error: The sandbox is not in sync with the Podfile.lock. Run 'pod install' or update your CocoaPods installation.\" >&2\n    exit 1\nfi\n# This output is used by Xcode 'outputs' to avoid re-running this script phase.\necho \"SUCCESS\" > \"${SCRIPT_OUTPUT_FILE_0}\"\n";
			showEnvVarsInLog = 0;
		};
		32BDF542E8A70CDE97FDB4BC /* [CP] Embed Pods Frameworks */ = {
			isa = PBXShellScriptBuildPhase;
			buildActionMask = 2147483647;
			files = (
			);
			inputFileListPaths = (
				"${PODS_ROOT}/Target Support Files/Pods-Parstagram/Pods-Parstagram-frameworks-${CONFIGURATION}-input-files.xcfilelist",
			);
			name = "[CP] Embed Pods Frameworks";
			outputFileListPaths = (
				"${PODS_ROOT}/Target Support Files/Pods-Parstagram/Pods-Parstagram-frameworks-${CONFIGURATION}-output-files.xcfilelist",
			);
			runOnlyForDeploymentPostprocessing = 0;
			shellPath = /bin/sh;
			shellScript = "\"${PODS_ROOT}/Target Support Files/Pods-Parstagram/Pods-Parstagram-frameworks.sh\"\n";
			showEnvVarsInLog = 0;
		};
		537987FD7DEB92489A86560F /* [CP] Check Pods Manifest.lock */ = {
			isa = PBXShellScriptBuildPhase;
			buildActionMask = 2147483647;
			files = (
			);
			inputFileListPaths = (
			);
			inputPaths = (
				"${PODS_PODFILE_DIR_PATH}/Podfile.lock",
				"${PODS_ROOT}/Manifest.lock",
			);
			name = "[CP] Check Pods Manifest.lock";
			outputFileListPaths = (
			);
			outputPaths = (
				"$(DERIVED_FILE_DIR)/Pods-Parstagram-ParstagramUITests-checkManifestLockResult.txt",
			);
			runOnlyForDeploymentPostprocessing = 0;
			shellPath = /bin/sh;
			shellScript = "diff \"${PODS_PODFILE_DIR_PATH}/Podfile.lock\" \"${PODS_ROOT}/Manifest.lock\" > /dev/null\nif [ $? != 0 ] ; then\n    # print error to STDERR\n    echo \"error: The sandbox is not in sync with the Podfile.lock. Run 'pod install' or update your CocoaPods installation.\" >&2\n    exit 1\nfi\n# This output is used by Xcode 'outputs' to avoid re-running this script phase.\necho \"SUCCESS\" > \"${SCRIPT_OUTPUT_FILE_0}\"\n";
			showEnvVarsInLog = 0;
		};
		5C995D2D9CF3AAE6D13E6DEA /* [CP] Check Pods Manifest.lock */ = {
			isa = PBXShellScriptBuildPhase;
			buildActionMask = 2147483647;
			files = (
			);
			inputFileListPaths = (
			);
			inputPaths = (
				"${PODS_PODFILE_DIR_PATH}/Podfile.lock",
				"${PODS_ROOT}/Manifest.lock",
			);
			name = "[CP] Check Pods Manifest.lock";
			outputFileListPaths = (
			);
			outputPaths = (
				"$(DERIVED_FILE_DIR)/Pods-Parstagram-checkManifestLockResult.txt",
			);
			runOnlyForDeploymentPostprocessing = 0;
			shellPath = /bin/sh;
			shellScript = "diff \"${PODS_PODFILE_DIR_PATH}/Podfile.lock\" \"${PODS_ROOT}/Manifest.lock\" > /dev/null\nif [ $? != 0 ] ; then\n    # print error to STDERR\n    echo \"error: The sandbox is not in sync with the Podfile.lock. Run 'pod install' or update your CocoaPods installation.\" >&2\n    exit 1\nfi\n# This output is used by Xcode 'outputs' to avoid re-running this script phase.\necho \"SUCCESS\" > \"${SCRIPT_OUTPUT_FILE_0}\"\n";
			showEnvVarsInLog = 0;
		};
		C29F63AA2F13A3526F1A0826 /* [CP] Embed Pods Frameworks */ = {
			isa = PBXShellScriptBuildPhase;
			buildActionMask = 2147483647;
			files = (
			);
			inputFileListPaths = (
				"${PODS_ROOT}/Target Support Files/Pods-Parstagram-ParstagramUITests/Pods-Parstagram-ParstagramUITests-frameworks-${CONFIGURATION}-input-files.xcfilelist",
			);
			name = "[CP] Embed Pods Frameworks";
			outputFileListPaths = (
				"${PODS_ROOT}/Target Support Files/Pods-Parstagram-ParstagramUITests/Pods-Parstagram-ParstagramUITests-frameworks-${CONFIGURATION}-output-files.xcfilelist",
			);
			runOnlyForDeploymentPostprocessing = 0;
			shellPath = /bin/sh;
			shellScript = "\"${PODS_ROOT}/Target Support Files/Pods-Parstagram-ParstagramUITests/Pods-Parstagram-ParstagramUITests-frameworks.sh\"\n";
			showEnvVarsInLog = 0;
		};
/* End PBXShellScriptBuildPhase section */

/* Begin PBXSourcesBuildPhase section */
		5563BB0F23FF77B300A559B8 /* Sources */ = {
			isa = PBXSourcesBuildPhase;
			buildActionMask = 2147483647;
			files = (
				5528A3CB23FF7FA500F0EA76 /* LoginViewController.swift in Sources */,
				551A681E2406F0FB0022985B /* CameraViewController.swift in Sources */,
				5563BB1723FF77B300A559B8 /* AppDelegate.swift in Sources */,
				5528A3CD23FF7FB000F0EA76 /* FeedViewController.swift in Sources */,
				5563BB1923FF77B300A559B8 /* SceneDelegate.swift in Sources */,
				551A68202407519C0022985B /* PostCell.swift in Sources */,
			);
			runOnlyForDeploymentPostprocessing = 0;
		};
		5563BB2523FF77B500A559B8 /* Sources */ = {
			isa = PBXSourcesBuildPhase;
			buildActionMask = 2147483647;
			files = (
				5563BB2E23FF77B500A559B8 /* ParstagramTests.swift in Sources */,
			);
			runOnlyForDeploymentPostprocessing = 0;
		};
		5563BB3023FF77B500A559B8 /* Sources */ = {
			isa = PBXSourcesBuildPhase;
			buildActionMask = 2147483647;
			files = (
				5563BB3923FF77B500A559B8 /* ParstagramUITests.swift in Sources */,
			);
			runOnlyForDeploymentPostprocessing = 0;
		};
/* End PBXSourcesBuildPhase section */

/* Begin PBXTargetDependency section */
		5563BB2B23FF77B500A559B8 /* PBXTargetDependency */ = {
			isa = PBXTargetDependency;
			target = 5563BB1223FF77B300A559B8 /* Parstagram */;
			targetProxy = 5563BB2A23FF77B500A559B8 /* PBXContainerItemProxy */;
		};
		5563BB3623FF77B500A559B8 /* PBXTargetDependency */ = {
			isa = PBXTargetDependency;
			target = 5563BB1223FF77B300A559B8 /* Parstagram */;
			targetProxy = 5563BB3523FF77B500A559B8 /* PBXContainerItemProxy */;
		};
/* End PBXTargetDependency section */

/* Begin PBXVariantGroup section */
		5563BB1C23FF77B300A559B8 /* Main.storyboard */ = {
			isa = PBXVariantGroup;
			children = (
				5563BB1D23FF77B300A559B8 /* Base */,
			);
			name = Main.storyboard;
			sourceTree = "<group>";
		};
		5563BB2123FF77B500A559B8 /* LaunchScreen.storyboard */ = {
			isa = PBXVariantGroup;
			children = (
				5563BB2223FF77B500A559B8 /* Base */,
			);
			name = LaunchScreen.storyboard;
			sourceTree = "<group>";
		};
/* End PBXVariantGroup section */

/* Begin XCBuildConfiguration section */
		5563BB3B23FF77B500A559B8 /* Debug */ = {
			isa = XCBuildConfiguration;
			buildSettings = {
				ALWAYS_SEARCH_USER_PATHS = NO;
				CLANG_ANALYZER_NONNULL = YES;
				CLANG_ANALYZER_NUMBER_OBJECT_CONVERSION = YES_AGGRESSIVE;
				CLANG_CXX_LANGUAGE_STANDARD = "gnu++14";
				CLANG_CXX_LIBRARY = "libc++";
				CLANG_ENABLE_MODULES = YES;
				CLANG_ENABLE_OBJC_ARC = YES;
				CLANG_ENABLE_OBJC_WEAK = YES;
				CLANG_WARN_BLOCK_CAPTURE_AUTORELEASING = YES;
				CLANG_WARN_BOOL_CONVERSION = YES;
				CLANG_WARN_COMMA = YES;
				CLANG_WARN_CONSTANT_CONVERSION = YES;
				CLANG_WARN_DEPRECATED_OBJC_IMPLEMENTATIONS = YES;
				CLANG_WARN_DIRECT_OBJC_ISA_USAGE = YES_ERROR;
				CLANG_WARN_DOCUMENTATION_COMMENTS = YES;
				CLANG_WARN_EMPTY_BODY = YES;
				CLANG_WARN_ENUM_CONVERSION = YES;
				CLANG_WARN_INFINITE_RECURSION = YES;
				CLANG_WARN_INT_CONVERSION = YES;
				CLANG_WARN_NON_LITERAL_NULL_CONVERSION = YES;
				CLANG_WARN_OBJC_IMPLICIT_RETAIN_SELF = YES;
				CLANG_WARN_OBJC_LITERAL_CONVERSION = YES;
				CLANG_WARN_OBJC_ROOT_CLASS = YES_ERROR;
				CLANG_WARN_RANGE_LOOP_ANALYSIS = YES;
				CLANG_WARN_STRICT_PROTOTYPES = YES;
				CLANG_WARN_SUSPICIOUS_MOVE = YES;
				CLANG_WARN_UNGUARDED_AVAILABILITY = YES_AGGRESSIVE;
				CLANG_WARN_UNREACHABLE_CODE = YES;
				CLANG_WARN__DUPLICATE_METHOD_MATCH = YES;
				COPY_PHASE_STRIP = NO;
				DEBUG_INFORMATION_FORMAT = dwarf;
				ENABLE_STRICT_OBJC_MSGSEND = YES;
				ENABLE_TESTABILITY = YES;
				GCC_C_LANGUAGE_STANDARD = gnu11;
				GCC_DYNAMIC_NO_PIC = NO;
				GCC_NO_COMMON_BLOCKS = YES;
				GCC_OPTIMIZATION_LEVEL = 0;
				GCC_PREPROCESSOR_DEFINITIONS = (
					"DEBUG=1",
					"$(inherited)",
				);
				GCC_WARN_64_TO_32_BIT_CONVERSION = YES;
				GCC_WARN_ABOUT_RETURN_TYPE = YES_ERROR;
				GCC_WARN_UNDECLARED_SELECTOR = YES;
				GCC_WARN_UNINITIALIZED_AUTOS = YES_AGGRESSIVE;
				GCC_WARN_UNUSED_FUNCTION = YES;
				GCC_WARN_UNUSED_VARIABLE = YES;
				IPHONEOS_DEPLOYMENT_TARGET = 13.2;
				MTL_ENABLE_DEBUG_INFO = INCLUDE_SOURCE;
				MTL_FAST_MATH = YES;
				ONLY_ACTIVE_ARCH = YES;
				SDKROOT = iphoneos;
				SWIFT_ACTIVE_COMPILATION_CONDITIONS = DEBUG;
				SWIFT_OPTIMIZATION_LEVEL = "-Onone";
			};
			name = Debug;
		};
		5563BB3C23FF77B500A559B8 /* Release */ = {
			isa = XCBuildConfiguration;
			buildSettings = {
				ALWAYS_SEARCH_USER_PATHS = NO;
				CLANG_ANALYZER_NONNULL = YES;
				CLANG_ANALYZER_NUMBER_OBJECT_CONVERSION = YES_AGGRESSIVE;
				CLANG_CXX_LANGUAGE_STANDARD = "gnu++14";
				CLANG_CXX_LIBRARY = "libc++";
				CLANG_ENABLE_MODULES = YES;
				CLANG_ENABLE_OBJC_ARC = YES;
				CLANG_ENABLE_OBJC_WEAK = YES;
				CLANG_WARN_BLOCK_CAPTURE_AUTORELEASING = YES;
				CLANG_WARN_BOOL_CONVERSION = YES;
				CLANG_WARN_COMMA = YES;
				CLANG_WARN_CONSTANT_CONVERSION = YES;
				CLANG_WARN_DEPRECATED_OBJC_IMPLEMENTATIONS = YES;
				CLANG_WARN_DIRECT_OBJC_ISA_USAGE = YES_ERROR;
				CLANG_WARN_DOCUMENTATION_COMMENTS = YES;
				CLANG_WARN_EMPTY_BODY = YES;
				CLANG_WARN_ENUM_CONVERSION = YES;
				CLANG_WARN_INFINITE_RECURSION = YES;
				CLANG_WARN_INT_CONVERSION = YES;
				CLANG_WARN_NON_LITERAL_NULL_CONVERSION = YES;
				CLANG_WARN_OBJC_IMPLICIT_RETAIN_SELF = YES;
				CLANG_WARN_OBJC_LITERAL_CONVERSION = YES;
				CLANG_WARN_OBJC_ROOT_CLASS = YES_ERROR;
				CLANG_WARN_RANGE_LOOP_ANALYSIS = YES;
				CLANG_WARN_STRICT_PROTOTYPES = YES;
				CLANG_WARN_SUSPICIOUS_MOVE = YES;
				CLANG_WARN_UNGUARDED_AVAILABILITY = YES_AGGRESSIVE;
				CLANG_WARN_UNREACHABLE_CODE = YES;
				CLANG_WARN__DUPLICATE_METHOD_MATCH = YES;
				COPY_PHASE_STRIP = NO;
				DEBUG_INFORMATION_FORMAT = "dwarf-with-dsym";
				ENABLE_NS_ASSERTIONS = NO;
				ENABLE_STRICT_OBJC_MSGSEND = YES;
				GCC_C_LANGUAGE_STANDARD = gnu11;
				GCC_NO_COMMON_BLOCKS = YES;
				GCC_WARN_64_TO_32_BIT_CONVERSION = YES;
				GCC_WARN_ABOUT_RETURN_TYPE = YES_ERROR;
				GCC_WARN_UNDECLARED_SELECTOR = YES;
				GCC_WARN_UNINITIALIZED_AUTOS = YES_AGGRESSIVE;
				GCC_WARN_UNUSED_FUNCTION = YES;
				GCC_WARN_UNUSED_VARIABLE = YES;
				IPHONEOS_DEPLOYMENT_TARGET = 13.2;
				MTL_ENABLE_DEBUG_INFO = NO;
				MTL_FAST_MATH = YES;
				SDKROOT = iphoneos;
				SWIFT_COMPILATION_MODE = wholemodule;
				SWIFT_OPTIMIZATION_LEVEL = "-O";
				VALIDATE_PRODUCT = YES;
			};
			name = Release;
		};
		5563BB3E23FF77B500A559B8 /* Debug */ = {
			isa = XCBuildConfiguration;
			baseConfigurationReference = F483FB9ED44B317733C5BE56 /* Pods-Parstagram.debug.xcconfig */;
			buildSettings = {
				ASSETCATALOG_COMPILER_APPICON_NAME = AppIcon;
				CODE_SIGN_STYLE = Automatic;
				DEVELOPMENT_TEAM = U53A6839FM;
				INFOPLIST_FILE = Parstagram/Info.plist;
				LD_RUNPATH_SEARCH_PATHS = (
					"$(inherited)",
					"@executable_path/Frameworks",
				);
				PRODUCT_BUNDLE_IDENTIFIER = codepath.Parstagram;
				PRODUCT_NAME = "$(TARGET_NAME)";
				SWIFT_VERSION = 5.0;
				TARGETED_DEVICE_FAMILY = "1,2";
			};
			name = Debug;
		};
		5563BB3F23FF77B500A559B8 /* Release */ = {
			isa = XCBuildConfiguration;
			baseConfigurationReference = C7E471068CC6BFA0D8AA98DF /* Pods-Parstagram.release.xcconfig */;
			buildSettings = {
				ASSETCATALOG_COMPILER_APPICON_NAME = AppIcon;
				CODE_SIGN_STYLE = Automatic;
				DEVELOPMENT_TEAM = U53A6839FM;
				INFOPLIST_FILE = Parstagram/Info.plist;
				LD_RUNPATH_SEARCH_PATHS = (
					"$(inherited)",
					"@executable_path/Frameworks",
				);
				PRODUCT_BUNDLE_IDENTIFIER = codepath.Parstagram;
				PRODUCT_NAME = "$(TARGET_NAME)";
				SWIFT_VERSION = 5.0;
				TARGETED_DEVICE_FAMILY = "1,2";
			};
			name = Release;
		};
		5563BB4123FF77B500A559B8 /* Debug */ = {
			isa = XCBuildConfiguration;
			baseConfigurationReference = 9CF7951ED955F48A85F1E013 /* Pods-ParstagramTests.debug.xcconfig */;
			buildSettings = {
				ALWAYS_EMBED_SWIFT_STANDARD_LIBRARIES = YES;
				BUNDLE_LOADER = "$(TEST_HOST)";
				CODE_SIGN_STYLE = Automatic;
				DEVELOPMENT_TEAM = U53A6839FM;
				INFOPLIST_FILE = ParstagramTests/Info.plist;
				IPHONEOS_DEPLOYMENT_TARGET = 13.2;
				LD_RUNPATH_SEARCH_PATHS = (
					"$(inherited)",
					"@executable_path/Frameworks",
					"@loader_path/Frameworks",
				);
				PRODUCT_BUNDLE_IDENTIFIER = codepath.ParstagramTests;
				PRODUCT_NAME = "$(TARGET_NAME)";
				SWIFT_VERSION = 5.0;
				TARGETED_DEVICE_FAMILY = "1,2";
				TEST_HOST = "$(BUILT_PRODUCTS_DIR)/Parstagram.app/Parstagram";
			};
			name = Debug;
		};
		5563BB4223FF77B500A559B8 /* Release */ = {
			isa = XCBuildConfiguration;
			baseConfigurationReference = F573F4D894D8E6034440DC23 /* Pods-ParstagramTests.release.xcconfig */;
			buildSettings = {
				ALWAYS_EMBED_SWIFT_STANDARD_LIBRARIES = YES;
				BUNDLE_LOADER = "$(TEST_HOST)";
				CODE_SIGN_STYLE = Automatic;
				DEVELOPMENT_TEAM = U53A6839FM;
				INFOPLIST_FILE = ParstagramTests/Info.plist;
				IPHONEOS_DEPLOYMENT_TARGET = 13.2;
				LD_RUNPATH_SEARCH_PATHS = (
					"$(inherited)",
					"@executable_path/Frameworks",
					"@loader_path/Frameworks",
				);
				PRODUCT_BUNDLE_IDENTIFIER = codepath.ParstagramTests;
				PRODUCT_NAME = "$(TARGET_NAME)";
				SWIFT_VERSION = 5.0;
				TARGETED_DEVICE_FAMILY = "1,2";
				TEST_HOST = "$(BUILT_PRODUCTS_DIR)/Parstagram.app/Parstagram";
			};
			name = Release;
		};
		5563BB4423FF77B500A559B8 /* Debug */ = {
			isa = XCBuildConfiguration;
			baseConfigurationReference = C06F65B0109A517192773FA4 /* Pods-Parstagram-ParstagramUITests.debug.xcconfig */;
			buildSettings = {
				ALWAYS_EMBED_SWIFT_STANDARD_LIBRARIES = YES;
				CODE_SIGN_STYLE = Automatic;
				DEVELOPMENT_TEAM = U53A6839FM;
				INFOPLIST_FILE = ParstagramUITests/Info.plist;
				LD_RUNPATH_SEARCH_PATHS = (
					"$(inherited)",
					"@executable_path/Frameworks",
					"@loader_path/Frameworks",
				);
				PRODUCT_BUNDLE_IDENTIFIER = codepath.ParstagramUITests;
				PRODUCT_NAME = "$(TARGET_NAME)";
				SWIFT_VERSION = 5.0;
				TARGETED_DEVICE_FAMILY = "1,2";
				TEST_TARGET_NAME = Parstagram;
			};
			name = Debug;
		};
		5563BB4523FF77B500A559B8 /* Release */ = {
			isa = XCBuildConfiguration;
			baseConfigurationReference = CA8750C41113F6BE97A2D1B0 /* Pods-Parstagram-ParstagramUITests.release.xcconfig */;
			buildSettings = {
				ALWAYS_EMBED_SWIFT_STANDARD_LIBRARIES = YES;
				CODE_SIGN_STYLE = Automatic;
				DEVELOPMENT_TEAM = U53A6839FM;
				INFOPLIST_FILE = ParstagramUITests/Info.plist;
				LD_RUNPATH_SEARCH_PATHS = (
					"$(inherited)",
					"@executable_path/Frameworks",
					"@loader_path/Frameworks",
				);
				PRODUCT_BUNDLE_IDENTIFIER = codepath.ParstagramUITests;
				PRODUCT_NAME = "$(TARGET_NAME)";
				SWIFT_VERSION = 5.0;
				TARGETED_DEVICE_FAMILY = "1,2";
				TEST_TARGET_NAME = Parstagram;
			};
			name = Release;
		};
/* End XCBuildConfiguration section */

/* Begin XCConfigurationList section */
		5563BB0E23FF77B300A559B8 /* Build configuration list for PBXProject "Parstagram" */ = {
			isa = XCConfigurationList;
			buildConfigurations = (
				5563BB3B23FF77B500A559B8 /* Debug */,
				5563BB3C23FF77B500A559B8 /* Release */,
			);
			defaultConfigurationIsVisible = 0;
			defaultConfigurationName = Release;
		};
		5563BB3D23FF77B500A559B8 /* Build configuration list for PBXNativeTarget "Parstagram" */ = {
			isa = XCConfigurationList;
			buildConfigurations = (
				5563BB3E23FF77B500A559B8 /* Debug */,
				5563BB3F23FF77B500A559B8 /* Release */,
			);
			defaultConfigurationIsVisible = 0;
			defaultConfigurationName = Release;
		};
		5563BB4023FF77B500A559B8 /* Build configuration list for PBXNativeTarget "ParstagramTests" */ = {
			isa = XCConfigurationList;
			buildConfigurations = (
				5563BB4123FF77B500A559B8 /* Debug */,
				5563BB4223FF77B500A559B8 /* Release */,
			);
			defaultConfigurationIsVisible = 0;
			defaultConfigurationName = Release;
		};
		5563BB4323FF77B500A559B8 /* Build configuration list for PBXNativeTarget "ParstagramUITests" */ = {
			isa = XCConfigurationList;
			buildConfigurations = (
				5563BB4423FF77B500A559B8 /* Debug */,
				5563BB4523FF77B500A559B8 /* Release */,
			);
			defaultConfigurationIsVisible = 0;
			defaultConfigurationName = Release;
		};
/* End XCConfigurationList section */
	};
	rootObject = 5563BB0B23FF77B300A559B8 /* Project object */;
}
